
Microsoft Visual Studio Solution File, Format Version 12.00
# Visual Studio 14
VisualStudioVersion = 14.0.24720.0
MinimumVisualStudioVersion = 10.0.40219.1
Project("{FAE04EC0-301F-11D3-BF4B-00C04F79EFBC}") = "Calculator", "Calculator\Calculator.csproj", "{E065EDF3-1AF9-4644-9CAD-BC87865305CB}"
EndProject
Project("{FAE04EC0-301F-11D3-BF4B-00C04F79EFBC}") = "MYOB", "MYOB\MYOB.csproj", "{08D1CE47-2D50-48C7-946A-E094CDB2E53F}"
EndProject
Global
	GlobalSection(SolutionConfigurationPlatforms) = preSolution
		Debug|Any CPU = Debug|Any CPU
		Release|Any CPU = Release|Any CPU
	EndGlobalSection
	GlobalSection(ProjectConfigurationPlatforms) = postSolution
		{E065EDF3-1AF9-4644-9CAD-BC87865305CB}.Debug|Any CPU.ActiveCfg = Debug|Any CPU
		{E065EDF3-1AF9-4644-9CAD-BC87865305CB}.Debug|Any CPU.Build.0 = Debug|Any CPU
		{E065EDF3-1AF9-4644-9CAD-BC87865305CB}.Release|Any CPU.ActiveCfg = Release|Any CPU
		{E065EDF3-1AF9-4644-9CAD-BC87865305CB}.Release|Any CPU.Build.0 = Release|Any CPU
		{08D1CE47-2D50-48C7-946A-E094CDB2E53F}.Debug|Any CPU.ActiveCfg = Debug|Any CPU
		{08D1CE47-2D50-48C7-946A-E094CDB2E53F}.Debug|Any CPU.Build.0 = Debug|Any CPU
		{08D1CE47-2D50-48C7-946A-E094CDB2E53F}.Release|Any CPU.ActiveCfg = Release|Any CPU
		{08D1CE47-2D50-48C7-946A-E094CDB2E53F}.Release|Any CPU.Build.0 = Release|Any CPU
	EndGlobalSection
	GlobalSection(SolutionProperties) = preSolution
		HideSolutionNode = FALSE
	EndGlobalSection
EndGlobal
